// !$*UTF8*$!
{
	archiveVersion = 1;
	classes = {
	};
	objectVersion = 48;
	objects = {

/* Begin PBXBuildFile section */
		40B7A5DC1F92EC7D00934FB0 /* AppDelegate.swift in Sources */ = {isa = PBXBuildFile; fileRef = 40B7A5DB1F92EC7D00934FB0 /* AppDelegate.swift */; };
		40B7A5DE1F92EC7D00934FB0 /* ViewController.swift in Sources */ = {isa = PBXBuildFile; fileRef = 40B7A5DD1F92EC7D00934FB0 /* ViewController.swift */; };
		40B7A5E11F92EC7D00934FB0 /* Main.storyboard in Resources */ = {isa = PBXBuildFile; fileRef = 40B7A5DF1F92EC7D00934FB0 /* Main.storyboard */; };
		40B7A5E31F92EC7D00934FB0 /* Assets.xcassets in Resources */ = {isa = PBXBuildFile; fileRef = 40B7A5E21F92EC7D00934FB0 /* Assets.xcassets */; };
		40B7A5E61F92EC7D00934FB0 /* LaunchScreen.storyboard in Resources */ = {isa = PBXBuildFile; fileRef = 40B7A5E41F92EC7D00934FB0 /* LaunchScreen.storyboard */; };
		40B7A5F11F92EC7D00934FB0 /* HackNYTests.swift in Sources */ = {isa = PBXBuildFile; fileRef = 40B7A5F01F92EC7D00934FB0 /* HackNYTests.swift */; };
		40B7A5FC1F92EC7D00934FB0 /* HackNYUITests.swift in Sources */ = {isa = PBXBuildFile; fileRef = 40B7A5FB1F92EC7D00934FB0 /* HackNYUITests.swift */; };
		40B7A60A1F93090E00934FB0 /* CategoryViewController.swift in Sources */ = {isa = PBXBuildFile; fileRef = 40B7A6091F93090E00934FB0 /* CategoryViewController.swift */; };
		40B7A60C1F93092300934FB0 /* EmotionViewController.swift in Sources */ = {isa = PBXBuildFile; fileRef = 40B7A60B1F93092300934FB0 /* EmotionViewController.swift */; };
		40B7A60E1F93093300934FB0 /* FeedViewController.swift in Sources */ = {isa = PBXBuildFile; fileRef = 40B7A60D1F93093300934FB0 /* FeedViewController.swift */; };
/* End PBXBuildFile section */

/* Begin PBXContainerItemProxy section */
		40B7A5ED1F92EC7D00934FB0 /* PBXContainerItemProxy */ = {
			isa = PBXContainerItemProxy;
			containerPortal = 40B7A5D01F92EC7D00934FB0 /* Project object */;
			proxyType = 1;
			remoteGlobalIDString = 40B7A5D71F92EC7D00934FB0;
			remoteInfo = HackNY;
		};
		40B7A5F81F92EC7D00934FB0 /* PBXContainerItemProxy */ = {
			isa = PBXContainerItemProxy;
			containerPortal = 40B7A5D01F92EC7D00934FB0 /* Project object */;
			proxyType = 1;
			remoteGlobalIDString = 40B7A5D71F92EC7D00934FB0;
			remoteInfo = HackNY;
		};
/* End PBXContainerItemProxy section */

/* Begin PBXFileReference section */
		40B7A5D81F92EC7D00934FB0 /* HackNY.app */ = {isa = PBXFileReference; explicitFileType = wrapper.application; includeInIndex = 0; path = HackNY.app; sourceTree = BUILT_PRODUCTS_DIR; };
		40B7A5DB1F92EC7D00934FB0 /* AppDelegate.swift */ = {isa = PBXFileReference; lastKnownFileType = sourcecode.swift; path = AppDelegate.swift; sourceTree = "<group>"; };
		40B7A5DD1F92EC7D00934FB0 /* ViewController.swift */ = {isa = PBXFileReference; lastKnownFileType = sourcecode.swift; path = ViewController.swift; sourceTree = "<group>"; };
		40B7A5E01F92EC7D00934FB0 /* Base */ = {isa = PBXFileReference; lastKnownFileType = file.storyboard; name = Base; path = Base.lproj/Main.storyboard; sourceTree = "<group>"; };
		40B7A5E21F92EC7D00934FB0 /* Assets.xcassets */ = {isa = PBXFileReference; lastKnownFileType = folder.assetcatalog; path = Assets.xcassets; sourceTree = "<group>"; };
		40B7A5E51F92EC7D00934FB0 /* Base */ = {isa = PBXFileReference; lastKnownFileType = file.storyboard; name = Base; path = Base.lproj/LaunchScreen.storyboard; sourceTree = "<group>"; };
		40B7A5E71F92EC7D00934FB0 /* Info.plist */ = {isa = PBXFileReference; lastKnownFileType = text.plist.xml; path = Info.plist; sourceTree = "<group>"; };
		40B7A5EC1F92EC7D00934FB0 /* HackNYTests.xctest */ = {isa = PBXFileReference; explicitFileType = wrapper.cfbundle; includeInIndex = 0; path = HackNYTests.xctest; sourceTree = BUILT_PRODUCTS_DIR; };
		40B7A5F01F92EC7D00934FB0 /* HackNYTests.swift */ = {isa = PBXFileReference; lastKnownFileType = sourcecode.swift; path = HackNYTests.swift; sourceTree = "<group>"; };
		40B7A5F21F92EC7D00934FB0 /* Info.plist */ = {isa = PBXFileReference; lastKnownFileType = text.plist.xml; path = Info.plist; sourceTree = "<group>"; };
		40B7A5F71F92EC7D00934FB0 /* HackNYUITests.xctest */ = {isa = PBXFileReference; explicitFileType = wrapper.cfbundle; includeInIndex = 0; path = HackNYUITests.xctest; sourceTree = BUILT_PRODUCTS_DIR; };
		40B7A5FB1F92EC7D00934FB0 /* HackNYUITests.swift */ = {isa = PBXFileReference; lastKnownFileType = sourcecode.swift; path = HackNYUITests.swift; sourceTree = "<group>"; };
		40B7A5FD1F92EC7D00934FB0 /* Info.plist */ = {isa = PBXFileReference; lastKnownFileType = text.plist.xml; path = Info.plist; sourceTree = "<group>"; };
		40B7A6091F93090E00934FB0 /* CategoryViewController.swift */ = {isa = PBXFileReference; lastKnownFileType = sourcecode.swift; path = CategoryViewController.swift; sourceTree = "<group>"; };
		40B7A60B1F93092300934FB0 /* EmotionViewController.swift */ = {isa = PBXFileReference; lastKnownFileType = sourcecode.swift; path = EmotionViewController.swift; sourceTree = "<group>"; };
		40B7A60D1F93093300934FB0 /* FeedViewController.swift */ = {isa = PBXFileReference; lastKnownFileType = sourcecode.swift; path = FeedViewController.swift; sourceTree = "<group>"; };
/* End PBXFileReference section */

/* Begin PBXFrameworksBuildPhase section */
		40B7A5D51F92EC7D00934FB0 /* Frameworks */ = {
			isa = PBXFrameworksBuildPhase;
			buildActionMask = 2147483647;
			files = (
			);
			runOnlyForDeploymentPostprocessing = 0;
		};
		40B7A5E91F92EC7D00934FB0 /* Frameworks */ = {
			isa = PBXFrameworksBuildPhase;
			buildActionMask = 2147483647;
			files = (
			);
			runOnlyForDeploymentPostprocessing = 0;
		};
		40B7A5F41F92EC7D00934FB0 /* Frameworks */ = {
			isa = PBXFrameworksBuildPhase;
			buildActionMask = 2147483647;
			files = (
			);
			runOnlyForDeploymentPostprocessing = 0;
		};
/* End PBXFrameworksBuildPhase section */

/* Begin PBXGroup section */
		40B7A5CF1F92EC7D00934FB0 = {
			isa = PBXGroup;
			children = (
				40B7A5DA1F92EC7D00934FB0 /* HackNY */,
				40B7A5EF1F92EC7D00934FB0 /* HackNYTests */,
				40B7A5FA1F92EC7D00934FB0 /* HackNYUITests */,
				40B7A5D91F92EC7D00934FB0 /* Products */,
			);
			sourceTree = "<group>";
		};
		40B7A5D91F92EC7D00934FB0 /* Products */ = {
			isa = PBXGroup;
			children = (
				40B7A5D81F92EC7D00934FB0 /* HackNY.app */,
				40B7A5EC1F92EC7D00934FB0 /* HackNYTests.xctest */,
				40B7A5F71F92EC7D00934FB0 /* HackNYUITests.xctest */,
			);
			name = Products;
			sourceTree = "<group>";
		};
		40B7A5DA1F92EC7D00934FB0 /* HackNY */ = {
			isa = PBXGroup;
			children = (
				40B7A5DB1F92EC7D00934FB0 /* AppDelegate.swift */,
				40B7A5DD1F92EC7D00934FB0 /* ViewController.swift */,
				40B7A5DF1F92EC7D00934FB0 /* Main.storyboard */,
				40B7A6091F93090E00934FB0 /* CategoryViewController.swift */,
				40B7A60B1F93092300934FB0 /* EmotionViewController.swift */,
				40B7A60D1F93093300934FB0 /* FeedViewController.swift */,
				40B7A5E21F92EC7D00934FB0 /* Assets.xcassets */,
				40B7A5E41F92EC7D00934FB0 /* LaunchScreen.storyboard */,
				40B7A5E71F92EC7D00934FB0 /* Info.plist */,
			);
			path = HackNY;
			sourceTree = "<group>";
		};
		40B7A5EF1F92EC7D00934FB0 /* HackNYTests */ = {
			isa = PBXGroup;
			children = (
				40B7A5F01F92EC7D00934FB0 /* HackNYTests.swift */,
				40B7A5F21F92EC7D00934FB0 /* Info.plist */,
			);
			path = HackNYTests;
			sourceTree = "<group>";
		};
		40B7A5FA1F92EC7D00934FB0 /* HackNYUITests */ = {
			isa = PBXGroup;
			children = (
				40B7A5FB1F92EC7D00934FB0 /* HackNYUITests.swift */,
				40B7A5FD1F92EC7D00934FB0 /* Info.plist */,
			);
			path = HackNYUITests;
			sourceTree = "<group>";
		};
/* End PBXGroup section */

/* Begin PBXNativeTarget section */
		40B7A5D71F92EC7D00934FB0 /* HackNY */ = {
			isa = PBXNativeTarget;
			buildConfigurationList = 40B7A6001F92EC7D00934FB0 /* Build configuration list for PBXNativeTarget "HackNY" */;
			buildPhases = (
				40B7A5D41F92EC7D00934FB0 /* Sources */,
				40B7A5D51F92EC7D00934FB0 /* Frameworks */,
				40B7A5D61F92EC7D00934FB0 /* Resources */,
			);
			buildRules = (
			);
			dependencies = (
			);
			name = HackNY;
			productName = HackNY;
			productReference = 40B7A5D81F92EC7D00934FB0 /* HackNY.app */;
			productType = "com.apple.product-type.application";
		};
		40B7A5EB1F92EC7D00934FB0 /* HackNYTests */ = {
			isa = PBXNativeTarget;
			buildConfigurationList = 40B7A6031F92EC7D00934FB0 /* Build configuration list for PBXNativeTarget "HackNYTests" */;
			buildPhases = (
				40B7A5E81F92EC7D00934FB0 /* Sources */,
				40B7A5E91F92EC7D00934FB0 /* Frameworks */,
				40B7A5EA1F92EC7D00934FB0 /* Resources */,
			);
			buildRules = (
			);
			dependencies = (
				40B7A5EE1F92EC7D00934FB0 /* PBXTargetDependency */,
			);
			name = HackNYTests;
			productName = HackNYTests;
			productReference = 40B7A5EC1F92EC7D00934FB0 /* HackNYTests.xctest */;
			productType = "com.apple.product-type.bundle.unit-test";
		};
		40B7A5F61F92EC7D00934FB0 /* HackNYUITests */ = {
			isa = PBXNativeTarget;
			buildConfigurationList = 40B7A6061F92EC7D00934FB0 /* Build configuration list for PBXNativeTarget "HackNYUITests" */;
			buildPhases = (
				40B7A5F31F92EC7D00934FB0 /* Sources */,
				40B7A5F41F92EC7D00934FB0 /* Frameworks */,
				40B7A5F51F92EC7D00934FB0 /* Resources */,
			);
			buildRules = (
			);
			dependencies = (
				40B7A5F91F92EC7D00934FB0 /* PBXTargetDependency */,
			);
			name = HackNYUITests;
			productName = HackNYUITests;
			productReference = 40B7A5F71F92EC7D00934FB0 /* HackNYUITests.xctest */;
			productType = "com.apple.product-type.bundle.ui-testing";
		};
/* End PBXNativeTarget section */

/* Begin PBXProject section */
		40B7A5D01F92EC7D00934FB0 /* Project object */ = {
			isa = PBXProject;
			attributes = {
				LastSwiftUpdateCheck = 0900;
				LastUpgradeCheck = 0900;
				ORGANIZATIONNAME = "Nashid Chowdhury";
				TargetAttributes = {
					40B7A5D71F92EC7D00934FB0 = {
						CreatedOnToolsVersion = 9.0;
						ProvisioningStyle = Automatic;
					};
					40B7A5EB1F92EC7D00934FB0 = {
						CreatedOnToolsVersion = 9.0;
						ProvisioningStyle = Automatic;
						TestTargetID = 40B7A5D71F92EC7D00934FB0;
					};
					40B7A5F61F92EC7D00934FB0 = {
						CreatedOnToolsVersion = 9.0;
						ProvisioningStyle = Automatic;
						TestTargetID = 40B7A5D71F92EC7D00934FB0;
					};
				};
			};
			buildConfigurationList = 40B7A5D31F92EC7D00934FB0 /* Build configuration list for PBXProject "HackNY" */;
			compatibilityVersion = "Xcode 8.0";
			developmentRegion = en;
			hasScannedForEncodings = 0;
			knownRegions = (
				en,
				Base,
			);
			mainGroup = 40B7A5CF1F92EC7D00934FB0;
			productRefGroup = 40B7A5D91F92EC7D00934FB0 /* Products */;
			projectDirPath = "";
			projectRoot = "";
			targets = (
				40B7A5D71F92EC7D00934FB0 /* HackNY */,
				40B7A5EB1F92EC7D00934FB0 /* HackNYTests */,
				40B7A5F61F92EC7D00934FB0 /* HackNYUITests */,
			);
		};
/* End PBXProject section */

/* Begin PBXResourcesBuildPhase section */
		40B7A5D61F92EC7D00934FB0 /* Resources */ = {
			isa = PBXResourcesBuildPhase;
			buildActionMask = 2147483647;
			files = (
				40B7A5E61F92EC7D00934FB0 /* LaunchScreen.storyboard in Resources */,
				40B7A5E31F92EC7D00934FB0 /* Assets.xcassets in Resources */,
				40B7A5E11F92EC7D00934FB0 /* Main.storyboard in Resources */,
			);
			runOnlyForDeploymentPostprocessing = 0;
		};
		40B7A5EA1F92EC7D00934FB0 /* Resources */ = {
			isa = PBXResourcesBuildPhase;
			buildActionMask = 2147483647;
			files = (
			);
			runOnlyForDeploymentPostprocessing = 0;
		};
		40B7A5F51F92EC7D00934FB0 /* Resources */ = {
			isa = PBXResourcesBuildPhase;
			buildActionMask = 2147483647;
			files = (
			);
			runOnlyForDeploymentPostprocessing = 0;
		};
/* End PBXResourcesBuildPhase section */

/* Begin PBXSourcesBuildPhase section */
		40B7A5D41F92EC7D00934FB0 /* Sources */ = {
			isa = PBXSourcesBuildPhase;
			buildActionMask = 2147483647;
			files = (
				40B7A60C1F93092300934FB0 /* EmotionViewController.swift in Sources */,
				40B7A5DE1F92EC7D00934FB0 /* ViewController.swift in Sources */,
				40B7A60E1F93093300934FB0 /* FeedViewController.swift in Sources */,
				40B7A60A1F93090E00934FB0 /* CategoryViewController.swift in Sources */,
				40B7A5DC1F92EC7D00934FB0 /* AppDelegate.swift in Sources */,
			);
			runOnlyForDeploymentPostprocessing = 0;
		};
		40B7A5E81F92EC7D00934FB0 /* Sources */ = {
			isa = PBXSourcesBuildPhase;
			buildActionMask = 2147483647;
			files = (
				40B7A5F11F92EC7D00934FB0 /* HackNYTests.swift in Sources */,
			);
			runOnlyForDeploymentPostprocessing = 0;
		};
		40B7A5F31F92EC7D00934FB0 /* Sources */ = {
			isa = PBXSourcesBuildPhase;
			buildActionMask = 2147483647;
			files = (
				40B7A5FC1F92EC7D00934FB0 /* HackNYUITests.swift in Sources */,
			);
			runOnlyForDeploymentPostprocessing = 0;
		};
/* End PBXSourcesBuildPhase section */

/* Begin PBXTargetDependency section */
		40B7A5EE1F92EC7D00934FB0 /* PBXTargetDependency */ = {
			isa = PBXTargetDependency;
			target = 40B7A5D71F92EC7D00934FB0 /* HackNY */;
			targetProxy = 40B7A5ED1F92EC7D00934FB0 /* PBXContainerItemProxy */;
		};
		40B7A5F91F92EC7D00934FB0 /* PBXTargetDependency */ = {
			isa = PBXTargetDependency;
			target = 40B7A5D71F92EC7D00934FB0 /* HackNY */;
			targetProxy = 40B7A5F81F92EC7D00934FB0 /* PBXContainerItemProxy */;
		};
/* End PBXTargetDependency section */

/* Begin PBXVariantGroup section */
		40B7A5DF1F92EC7D00934FB0 /* Main.storyboard */ = {
			isa = PBXVariantGroup;
			children = (
				40B7A5E01F92EC7D00934FB0 /* Base */,
			);
			name = Main.storyboard;
			sourceTree = "<group>";
		};
		40B7A5E41F92EC7D00934FB0 /* LaunchScreen.storyboard */ = {
			isa = PBXVariantGroup;
			children = (
				40B7A5E51F92EC7D00934FB0 /* Base */,
			);
			name = LaunchScreen.storyboard;
			sourceTree = "<group>";
		};
/* End PBXVariantGroup section */

/* Begin XCBuildConfiguration section */
		40B7A5FE1F92EC7D00934FB0 /* Debug */ = {
			isa = XCBuildConfiguration;
			buildSettings = {
				ALWAYS_SEARCH_USER_PATHS = NO;
				CLANG_ANALYZER_NONNULL = YES;
				CLANG_ANALYZER_NUMBER_OBJECT_CONVERSION = YES_AGGRESSIVE;
				CLANG_CXX_LANGUAGE_STANDARD = "gnu++14";
				CLANG_CXX_LIBRARY = "libc++";
				CLANG_ENABLE_MODULES = YES;
				CLANG_ENABLE_OBJC_ARC = YES;
				CLANG_WARN_BLOCK_CAPTURE_AUTORELEASING = YES;
				CLANG_WARN_BOOL_CONVERSION = YES;
				CLANG_WARN_COMMA = YES;
				CLANG_WARN_CONSTANT_CONVERSION = YES;
				CLANG_WARN_DIRECT_OBJC_ISA_USAGE = YES_ERROR;
				CLANG_WARN_DOCUMENTATION_COMMENTS = YES;
				CLANG_WARN_EMPTY_BODY = YES;
				CLANG_WARN_ENUM_CONVERSION = YES;
				CLANG_WARN_INFINITE_RECURSION = YES;
				CLANG_WARN_INT_CONVERSION = YES;
				CLANG_WARN_NON_LITERAL_NULL_CONVERSION = YES;
				CLANG_WARN_OBJC_LITERAL_CONVERSION = YES;
				CLANG_WARN_OBJC_ROOT_CLASS = YES_ERROR;
				CLANG_WARN_RANGE_LOOP_ANALYSIS = YES;
				CLANG_WARN_STRICT_PROTOTYPES = YES;
				CLANG_WARN_SUSPICIOUS_MOVE = YES;
				CLANG_WARN_UNGUARDED_AVAILABILITY = YES_AGGRESSIVE;
				CLANG_WARN_UNREACHABLE_CODE = YES;
				CLANG_WARN__DUPLICATE_METHOD_MATCH = YES;
				CODE_SIGN_IDENTITY = "iPhone Developer";
				COPY_PHASE_STRIP = NO;
				DEBUG_INFORMATION_FORMAT = dwarf;
				ENABLE_STRICT_OBJC_MSGSEND = YES;
				ENABLE_TESTABILITY = YES;
				GCC_C_LANGUAGE_STANDARD = gnu11;
				GCC_DYNAMIC_NO_PIC = NO;
				GCC_NO_COMMON_BLOCKS = YES;
				GCC_OPTIMIZATION_LEVEL = 0;
				GCC_PREPROCESSOR_DEFINITIONS = (
					"DEBUG=1",
					"$(inherited)",
				);
				GCC_WARN_64_TO_32_BIT_CONVERSION = YES;
				GCC_WARN_ABOUT_RETURN_TYPE = YES_ERROR;
				GCC_WARN_UNDECLARED_SELECTOR = YES;
				GCC_WARN_UNINITIALIZED_AUTOS = YES_AGGRESSIVE;
				GCC_WARN_UNUSED_FUNCTION = YES;
				GCC_WARN_UNUSED_VARIABLE = YES;
				IPHONEOS_DEPLOYMENT_TARGET = 11.0;
				MTL_ENABLE_DEBUG_INFO = YES;
				ONLY_ACTIVE_ARCH = YES;
				SDKROOT = iphoneos;
				SWIFT_ACTIVE_COMPILATION_CONDITIONS = DEBUG;
				SWIFT_OPTIMIZATION_LEVEL = "-Onone";
			};
			name = Debug;
		};
		40B7A5FF1F92EC7D00934FB0 /* Release */ = {
			isa = XCBuildConfiguration;
			buildSettings = {
				ALWAYS_SEARCH_USER_PATHS = NO;
				CLANG_ANALYZER_NONNULL = YES;
				CLANG_ANALYZER_NUMBER_OBJECT_CONVERSION = YES_AGGRESSIVE;
				CLANG_CXX_LANGUAGE_STANDARD = "gnu++14";
				CLANG_CXX_LIBRARY = "libc++";
				CLANG_ENABLE_MODULES = YES;
				CLANG_ENABLE_OBJC_ARC = YES;
				CLANG_WARN_BLOCK_CAPTURE_AUTORELEASING = YES;
				CLANG_WARN_BOOL_CONVERSION = YES;
				CLANG_WARN_COMMA = YES;
				CLANG_WARN_CONSTANT_CONVERSION = YES;
				CLANG_WARN_DIRECT_OBJC_ISA_USAGE = YES_ERROR;
				CLANG_WARN_DOCUMENTATION_COMMENTS = YES;
				CLANG_WARN_EMPTY_BODY = YES;
				CLANG_WARN_ENUM_CONVERSION = YES;
				CLANG_WARN_INFINITE_RECURSION = YES;
				CLANG_WARN_INT_CONVERSION = YES;
				CLANG_WARN_NON_LITERAL_NULL_CONVERSION = YES;
				CLANG_WARN_OBJC_LITERAL_CONVERSION = YES;
				CLANG_WARN_OBJC_ROOT_CLASS = YES_ERROR;
				CLANG_WARN_RANGE_LOOP_ANALYSIS = YES;
				CLANG_WARN_STRICT_PROTOTYPES = YES;
				CLANG_WARN_SUSPICIOUS_MOVE = YES;
				CLANG_WARN_UNGUARDED_AVAILABILITY = YES_AGGRESSIVE;
				CLANG_WARN_UNREACHABLE_CODE = YES;
				CLANG_WARN__DUPLICATE_METHOD_MATCH = YES;
				CODE_SIGN_IDENTITY = "iPhone Developer";
				COPY_PHASE_STRIP = NO;
				DEBUG_INFORMATION_FORMAT = "dwarf-with-dsym";
				ENABLE_NS_ASSERTIONS = NO;
				ENABLE_STRICT_OBJC_MSGSEND = YES;
				GCC_C_LANGUAGE_STANDARD = gnu11;
				GCC_NO_COMMON_BLOCKS = YES;
				GCC_WARN_64_TO_32_BIT_CONVERSION = YES;
				GCC_WARN_ABOUT_RETURN_TYPE = YES_ERROR;
				GCC_WARN_UNDECLARED_SELECTOR = YES;
				GCC_WARN_UNINITIALIZED_AUTOS = YES_AGGRESSIVE;
				GCC_WARN_UNUSED_FUNCTION = YES;
				GCC_WARN_UNUSED_VARIABLE = YES;
				IPHONEOS_DEPLOYMENT_TARGET = 11.0;
				MTL_ENABLE_DEBUG_INFO = NO;
				SDKROOT = iphoneos;
				SWIFT_OPTIMIZATION_LEVEL = "-Owholemodule";
				VALIDATE_PRODUCT = YES;
			};
			name = Release;
		};
		40B7A6011F92EC7D00934FB0 /* Debug */ = {
			isa = XCBuildConfiguration;
			buildSettings = {
				ASSETCATALOG_COMPILER_APPICON_NAME = AppIcon;
				CODE_SIGN_STYLE = Automatic;
				DEVELOPMENT_TEAM = DLWGGFT72P;
				INFOPLIST_FILE = HackNY/Info.plist;
				LD_RUNPATH_SEARCH_PATHS = "$(inherited) @executable_path/Frameworks";
				PRODUCT_BUNDLE_IDENTIFIER = com.nashidc.HackNY;
				PRODUCT_NAME = "$(TARGET_NAME)";
				SWIFT_VERSION = 4.0;
				TARGETED_DEVICE_FAMILY = "1,2";
			};
			name = Debug;
		};
		40B7A6021F92EC7D00934FB0 /* Release */ = {
			isa = XCBuildConfiguration;
			buildSettings = {
				ASSETCATALOG_COMPILER_APPICON_NAME = AppIcon;
				CODE_SIGN_STYLE = Automatic;
				DEVELOPMENT_TEAM = DLWGGFT72P;
				INFOPLIST_FILE = HackNY/Info.plist;
				LD_RUNPATH_SEARCH_PATHS = "$(inherited) @executable_path/Frameworks";
				PRODUCT_BUNDLE_IDENTIFIER = com.nashidc.HackNY;
				PRODUCT_NAME = "$(TARGET_NAME)";
				SWIFT_VERSION = 4.0;
				TARGETED_DEVICE_FAMILY = "1,2";
			};
			name = Release;
		};
		40B7A6041F92EC7D00934FB0 /* Debug */ = {
			isa = XCBuildConfiguration;
			buildSettings = {
				ALWAYS_EMBED_SWIFT_STANDARD_LIBRARIES = YES;
				BUNDLE_LOADER = "$(TEST_HOST)";
				CODE_SIGN_STYLE = Automatic;
				DEVELOPMENT_TEAM = DLWGGFT72P;
				INFOPLIST_FILE = HackNYTests/Info.plist;
				LD_RUNPATH_SEARCH_PATHS = "$(inherited) @executable_path/Frameworks @loader_path/Frameworks";
				PRODUCT_BUNDLE_IDENTIFIER = com.nashidc.HackNYTests;
				PRODUCT_NAME = "$(TARGET_NAME)";
				SWIFT_VERSION = 4.0;
				TARGETED_DEVICE_FAMILY = "1,2";
				TEST_HOST = "$(BUILT_PRODUCTS_DIR)/HackNY.app/HackNY";
			};
			name = Debug;
		};
		40B7A6051F92EC7D00934FB0 /* Release */ = {
			isa = XCBuildConfiguration;
			buildSettings = {
				ALWAYS_EMBED_SWIFT_STANDARD_LIBRARIES = YES;
				BUNDLE_LOADER = "$(TEST_HOST)";
				CODE_SIGN_STYLE = Automatic;
				DEVELOPMENT_TEAM = DLWGGFT72P;
				INFOPLIST_FILE = HackNYTests/Info.plist;
				LD_RUNPATH_SEARCH_PATHS = "$(inherited) @executable_path/Frameworks @loader_path/Frameworks";
				PRODUCT_BUNDLE_IDENTIFIER = com.nashidc.HackNYTests;
				PRODUCT_NAME = "$(TARGET_NAME)";
				SWIFT_VERSION = 4.0;
				TARGETED_DEVICE_FAMILY = "1,2";
				TEST_HOST = "$(BUILT_PRODUCTS_DIR)/HackNY.app/HackNY";
			};
			name = Release;
		};
		40B7A6071F92EC7D00934FB0 /* Debug */ = {
			isa = XCBuildConfiguration;
			buildSettings = {
				ALWAYS_EMBED_SWIFT_STANDARD_LIBRARIES = YES;
				CODE_SIGN_STYLE = Automatic;
				DEVELOPMENT_TEAM = DLWGGFT72P;
				INFOPLIST_FILE = HackNYUITests/Info.plist;
				LD_RUNPATH_SEARCH_PATHS = "$(inherited) @executable_path/Frameworks @loader_path/Frameworks";
				PRODUCT_BUNDLE_IDENTIFIER = com.nashidc.HackNYUITests;
				PRODUCT_NAME = "$(TARGET_NAME)";
				SWIFT_VERSION = 4.0;
				TARGETED_DEVICE_FAMILY = "1,2";
				TEST_TARGET_NAME = HackNY;
			};
			name = Debug;
		};
		40B7A6081F92EC7D00934FB0 /* Release */ = {
			isa = XCBuildConfiguration;
			buildSettings = {
				ALWAYS_EMBED_SWIFT_STANDARD_LIBRARIES = YES;
				CODE_SIGN_STYLE = Automatic;
				DEVELOPMENT_TEAM = DLWGGFT72P;
				INFOPLIST_FILE = HackNYUITests/Info.plist;
				LD_RUNPATH_SEARCH_PATHS = "$(inherited) @executable_path/Frameworks @loader_path/Frameworks";
				PRODUCT_BUNDLE_IDENTIFIER = com.nashidc.HackNYUITests;
				PRODUCT_NAME = "$(TARGET_NAME)";
				SWIFT_VERSION = 4.0;
				TARGETED_DEVICE_FAMILY = "1,2";
				TEST_TARGET_NAME = HackNY;
			};
			name = Release;
		};
/* End XCBuildConfiguration section */

/* Begin XCConfigurationList section */
		40B7A5D31F92EC7D00934FB0 /* Build configuration list for PBXProject "HackNY" */ = {
			isa = XCConfigurationList;
			buildConfigurations = (
				40B7A5FE1F92EC7D00934FB0 /* Debug */,
				40B7A5FF1F92EC7D00934FB0 /* Release */,
			);
			defaultConfigurationIsVisible = 0;
			defaultConfigurationName = Release;
		};
		40B7A6001F92EC7D00934FB0 /* Build configuration list for PBXNativeTarget "HackNY" */ = {
			isa = XCConfigurationList;
			buildConfigurations = (
				40B7A6011F92EC7D00934FB0 /* Debug */,
				40B7A6021F92EC7D00934FB0 /* Release */,
			);
			defaultConfigurationIsVisible = 0;
			defaultConfigurationName = Release;
		};
		40B7A6031F92EC7D00934FB0 /* Build configuration list for PBXNativeTarget "HackNYTests" */ = {
			isa = XCConfigurationList;
			buildConfigurations = (
				40B7A6041F92EC7D00934FB0 /* Debug */,
				40B7A6051F92EC7D00934FB0 /* Release */,
			);
			defaultConfigurationIsVisible = 0;
			defaultConfigurationName = Release;
		};
		40B7A6061F92EC7D00934FB0 /* Build configuration list for PBXNativeTarget "HackNYUITests" */ = {
			isa = XCConfigurationList;
			buildConfigurations = (
				40B7A6071F92EC7D00934FB0 /* Debug */,
				40B7A6081F92EC7D00934FB0 /* Release */,
			);
			defaultConfigurationIsVisible = 0;
			defaultConfigurationName = Release;
		};
/* End XCConfigurationList section */
	};
	rootObject = 40B7A5D01F92EC7D00934FB0 /* Project object */;
}
